// !$*UTF8*$!
{
	archiveVersion = 1;
	classes = {
	};
	objectVersion = 50;
	objects = {

/* Begin PBXBuildFile section */
		C133166924CDFDFB0095B2E0 /* NewsViewController.swift in Sources */ = {isa = PBXBuildFile; fileRef = C133166824CDFDFB0095B2E0 /* NewsViewController.swift */; };
		C133166B24CDFF3D0095B2E0 /* NewsTableViewCell.swift in Sources */ = {isa = PBXBuildFile; fileRef = C133166A24CDFF3D0095B2E0 /* NewsTableViewCell.swift */; };
		C1856FE524BBA30E00FEB27E /* FriendsTableCellView.swift in Sources */ = {isa = PBXBuildFile; fileRef = C1856FE424BBA30E00FEB27E /* FriendsTableCellView.swift */; };
		C1856FE824BBA45900FEB27E /* GroupTableCellView.swift in Sources */ = {isa = PBXBuildFile; fileRef = C1856FE724BBA45900FEB27E /* GroupTableCellView.swift */; };
		C1856FEA24BBA4B900FEB27E /* GroupSearchTableCellView.swift in Sources */ = {isa = PBXBuildFile; fileRef = C1856FE924BBA4B900FEB27E /* GroupSearchTableCellView.swift */; };
		C197B1EF24AD08E9005D14F5 /* AppDelegate.swift in Sources */ = {isa = PBXBuildFile; fileRef = C197B1EE24AD08E9005D14F5 /* AppDelegate.swift */; };
		C197B1F124AD08E9005D14F5 /* SceneDelegate.swift in Sources */ = {isa = PBXBuildFile; fileRef = C197B1F024AD08E9005D14F5 /* SceneDelegate.swift */; };
		C197B1F324AD08E9005D14F5 /* LoginController.swift in Sources */ = {isa = PBXBuildFile; fileRef = C197B1F224AD08E9005D14F5 /* LoginController.swift */; };
		C197B1F624AD08E9005D14F5 /* Main.storyboard in Resources */ = {isa = PBXBuildFile; fileRef = C197B1F424AD08E9005D14F5 /* Main.storyboard */; };
		C197B1F824AD08ED005D14F5 /* Assets.xcassets in Resources */ = {isa = PBXBuildFile; fileRef = C197B1F724AD08ED005D14F5 /* Assets.xcassets */; };
		C197B1FB24AD08ED005D14F5 /* LaunchScreen.storyboard in Resources */ = {isa = PBXBuildFile; fileRef = C197B1F924AD08ED005D14F5 /* LaunchScreen.storyboard */; };
		C1E8186724B21931008DFB08 /* FiendsViewController.swift in Sources */ = {isa = PBXBuildFile; fileRef = C1E8186624B21931008DFB08 /* FiendsViewController.swift */; };
		C1E8186924B21A68008DFB08 /* GroupTableViewController.swift in Sources */ = {isa = PBXBuildFile; fileRef = C1E8186824B21A68008DFB08 /* GroupTableViewController.swift */; };
		C1E8186B24B21AFB008DFB08 /* FriendsCollectionViewController.swift in Sources */ = {isa = PBXBuildFile; fileRef = C1E8186A24B21AFB008DFB08 /* FriendsCollectionViewController.swift */; };
		C1E8186D24B21B63008DFB08 /* GroupSearchTableViewController.swift in Sources */ = {isa = PBXBuildFile; fileRef = C1E8186C24B21B63008DFB08 /* GroupSearchTableViewController.swift */; };
		C1E8A1C324C0D5A900651234 /* User.swift in Sources */ = {isa = PBXBuildFile; fileRef = C1E8A1C224C0D5A900651234 /* User.swift */; };
		C1E8A1C524C0D5C300651234 /* Group.swift in Sources */ = {isa = PBXBuildFile; fileRef = C1E8A1C424C0D5C300651234 /* Group.swift */; };
		C1E8A1C724C0DBDA00651234 /* FriendsCollectionCellView.swift in Sources */ = {isa = PBXBuildFile; fileRef = C1E8A1C624C0DBDA00651234 /* FriendsCollectionCellView.swift */; };
		C1E8A1CD24C6186D00651234 /* AvatarView.swift in Sources */ = {isa = PBXBuildFile; fileRef = C1E8A1CC24C6186D00651234 /* AvatarView.swift */; };
		C1E8A1CF24C6272600651234 /* PageLike.swift in Sources */ = {isa = PBXBuildFile; fileRef = C1E8A1CE24C6272600651234 /* PageLike.swift */; };
/* End PBXBuildFile section */

/* Begin PBXFileReference section */
		C133166824CDFDFB0095B2E0 /* NewsViewController.swift */ = {isa = PBXFileReference; lastKnownFileType = sourcecode.swift; path = NewsViewController.swift; sourceTree = "<group>"; };
		C133166A24CDFF3D0095B2E0 /* NewsTableViewCell.swift */ = {isa = PBXFileReference; lastKnownFileType = sourcecode.swift; path = NewsTableViewCell.swift; sourceTree = "<group>"; };
		C1856FE424BBA30E00FEB27E /* FriendsTableCellView.swift */ = {isa = PBXFileReference; lastKnownFileType = sourcecode.swift; path = FriendsTableCellView.swift; sourceTree = "<group>"; };
		C1856FE724BBA45900FEB27E /* GroupTableCellView.swift */ = {isa = PBXFileReference; lastKnownFileType = sourcecode.swift; path = GroupTableCellView.swift; sourceTree = "<group>"; };
		C1856FE924BBA4B900FEB27E /* GroupSearchTableCellView.swift */ = {isa = PBXFileReference; lastKnownFileType = sourcecode.swift; path = GroupSearchTableCellView.swift; sourceTree = "<group>"; };
		C197B1EB24AD08E9005D14F5 /* userinterface.app */ = {isa = PBXFileReference; explicitFileType = wrapper.application; includeInIndex = 0; path = userinterface.app; sourceTree = BUILT_PRODUCTS_DIR; };
		C197B1EE24AD08E9005D14F5 /* AppDelegate.swift */ = {isa = PBXFileReference; lastKnownFileType = sourcecode.swift; path = AppDelegate.swift; sourceTree = "<group>"; };
		C197B1F024AD08E9005D14F5 /* SceneDelegate.swift */ = {isa = PBXFileReference; lastKnownFileType = sourcecode.swift; path = SceneDelegate.swift; sourceTree = "<group>"; };
		C197B1F224AD08E9005D14F5 /* LoginController.swift */ = {isa = PBXFileReference; lastKnownFileType = sourcecode.swift; path = LoginController.swift; sourceTree = "<group>"; };
		C197B1F524AD08E9005D14F5 /* Base */ = {isa = PBXFileReference; lastKnownFileType = file.storyboard; name = Base; path = Base.lproj/Main.storyboard; sourceTree = "<group>"; };
		C197B1F724AD08ED005D14F5 /* Assets.xcassets */ = {isa = PBXFileReference; lastKnownFileType = folder.assetcatalog; path = Assets.xcassets; sourceTree = "<group>"; };
		C197B1FA24AD08ED005D14F5 /* Base */ = {isa = PBXFileReference; lastKnownFileType = file.storyboard; name = Base; path = Base.lproj/LaunchScreen.storyboard; sourceTree = "<group>"; };
		C197B1FC24AD08ED005D14F5 /* Info.plist */ = {isa = PBXFileReference; lastKnownFileType = text.plist.xml; path = Info.plist; sourceTree = "<group>"; };
		C1E8186624B21931008DFB08 /* FiendsViewController.swift */ = {isa = PBXFileReference; lastKnownFileType = sourcecode.swift; path = FiendsViewController.swift; sourceTree = "<group>"; };
		C1E8186824B21A68008DFB08 /* GroupTableViewController.swift */ = {isa = PBXFileReference; lastKnownFileType = sourcecode.swift; path = GroupTableViewController.swift; sourceTree = "<group>"; };
		C1E8186A24B21AFB008DFB08 /* FriendsCollectionViewController.swift */ = {isa = PBXFileReference; lastKnownFileType = sourcecode.swift; path = FriendsCollectionViewController.swift; sourceTree = "<group>"; };
		C1E8186C24B21B63008DFB08 /* GroupSearchTableViewController.swift */ = {isa = PBXFileReference; lastKnownFileType = sourcecode.swift; path = GroupSearchTableViewController.swift; sourceTree = "<group>"; };
		C1E8A1C224C0D5A900651234 /* User.swift */ = {isa = PBXFileReference; lastKnownFileType = sourcecode.swift; path = User.swift; sourceTree = "<group>"; };
		C1E8A1C424C0D5C300651234 /* Group.swift */ = {isa = PBXFileReference; lastKnownFileType = sourcecode.swift; path = Group.swift; sourceTree = "<group>"; };
		C1E8A1C624C0DBDA00651234 /* FriendsCollectionCellView.swift */ = {isa = PBXFileReference; lastKnownFileType = sourcecode.swift; path = FriendsCollectionCellView.swift; sourceTree = "<group>"; };
		C1E8A1CC24C6186D00651234 /* AvatarView.swift */ = {isa = PBXFileReference; lastKnownFileType = sourcecode.swift; path = AvatarView.swift; sourceTree = "<group>"; };
		C1E8A1CE24C6272600651234 /* PageLike.swift */ = {isa = PBXFileReference; lastKnownFileType = sourcecode.swift; path = PageLike.swift; sourceTree = "<group>"; };
/* End PBXFileReference section */

/* Begin PBXFrameworksBuildPhase section */
		C197B1E824AD08E9005D14F5 /* Frameworks */ = {
			isa = PBXFrameworksBuildPhase;
			buildActionMask = 2147483647;
			files = (
			);
			runOnlyForDeploymentPostprocessing = 0;
		};
/* End PBXFrameworksBuildPhase section */

/* Begin PBXGroup section */
		C133166724CDFDC50095B2E0 /* News */ = {
			isa = PBXGroup;
			children = (
				C133166A24CDFF3D0095B2E0 /* NewsTableViewCell.swift */,
				C133166824CDFDFB0095B2E0 /* NewsViewController.swift */,
			);
			path = News;
			sourceTree = "<group>";
		};
		C1856FE624BBA3D200FEB27E /* Model */ = {
			isa = PBXGroup;
			children = (
				C1E8A1C224C0D5A900651234 /* User.swift */,
				C1E8A1C424C0D5C300651234 /* Group.swift */,
			);
			path = Model;
			sourceTree = "<group>";
		};
		C197B1E224AD08E9005D14F5 = {
			isa = PBXGroup;
			children = (
				C197B1ED24AD08E9005D14F5 /* userinterface */,
				C197B1EC24AD08E9005D14F5 /* Products */,
			);
			sourceTree = "<group>";
		};
		C197B1EC24AD08E9005D14F5 /* Products */ = {
			isa = PBXGroup;
			children = (
				C197B1EB24AD08E9005D14F5 /* userinterface.app */,
			);
			name = Products;
			sourceTree = "<group>";
		};
		C197B1ED24AD08E9005D14F5 /* userinterface */ = {
			isa = PBXGroup;
			children = (
				C133166724CDFDC50095B2E0 /* News */,
				C1856FE624BBA3D200FEB27E /* Model */,
				C1E8A1D024C6274A00651234 /* Friends */,
				C1E8A1D124C6278100651234 /* Groups */,
				C197B1EE24AD08E9005D14F5 /* AppDelegate.swift */,
				C197B1F024AD08E9005D14F5 /* SceneDelegate.swift */,
				C197B1F224AD08E9005D14F5 /* LoginController.swift */,
				C197B1F424AD08E9005D14F5 /* Main.storyboard */,
				C197B1F724AD08ED005D14F5 /* Assets.xcassets */,
				C197B1F924AD08ED005D14F5 /* LaunchScreen.storyboard */,
				C197B1FC24AD08ED005D14F5 /* Info.plist */,
			);
			path = userinterface;
			sourceTree = "<group>";
		};
		C1E8A1D024C6274A00651234 /* Friends */ = {
			isa = PBXGroup;
			children = (
				C1E8A1CC24C6186D00651234 /* AvatarView.swift */,
				C1856FE424BBA30E00FEB27E /* FriendsTableCellView.swift */,
				C1E8186624B21931008DFB08 /* FiendsViewController.swift */,
				C1E8A1CE24C6272600651234 /* PageLike.swift */,
				C1E8A1C624C0DBDA00651234 /* FriendsCollectionCellView.swift */,
				C1E8186A24B21AFB008DFB08 /* FriendsCollectionViewController.swift */,
			);
			path = Friends;
			sourceTree = "<group>";
		};
		C1E8A1D124C6278100651234 /* Groups */ = {
			isa = PBXGroup;
			children = (
				C1856FE724BBA45900FEB27E /* GroupTableCellView.swift */,
				C1E8186824B21A68008DFB08 /* GroupTableViewController.swift */,
				C1E8186C24B21B63008DFB08 /* GroupSearchTableViewController.swift */,
				C1856FE924BBA4B900FEB27E /* GroupSearchTableCellView.swift */,
			);
			path = Groups;
			sourceTree = "<group>";
		};
/* End PBXGroup section */

/* Begin PBXNativeTarget section */
		C197B1EA24AD08E9005D14F5 /* userinterface */ = {
			isa = PBXNativeTarget;
			buildConfigurationList = C197B1FF24AD08ED005D14F5 /* Build configuration list for PBXNativeTarget "userinterface" */;
			buildPhases = (
				C197B1E724AD08E9005D14F5 /* Sources */,
				C197B1E824AD08E9005D14F5 /* Frameworks */,
				C197B1E924AD08E9005D14F5 /* Resources */,
			);
			buildRules = (
			);
			dependencies = (
			);
			name = userinterface;
			productName = userinterface;
			productReference = C197B1EB24AD08E9005D14F5 /* userinterface.app */;
			productType = "com.apple.product-type.application";
		};
/* End PBXNativeTarget section */

/* Begin PBXProject section */
		C197B1E324AD08E9005D14F5 /* Project object */ = {
			isa = PBXProject;
			attributes = {
				LastSwiftUpdateCheck = 1150;
				LastUpgradeCheck = 1150;
				ORGANIZATIONNAME = "Дарья Шимко";
				TargetAttributes = {
					C197B1EA24AD08E9005D14F5 = {
						CreatedOnToolsVersion = 11.5;
					};
				};
			};
			buildConfigurationList = C197B1E624AD08E9005D14F5 /* Build configuration list for PBXProject "userinterface" */;
			compatibilityVersion = "Xcode 9.3";
			developmentRegion = en;
			hasScannedForEncodings = 0;
			knownRegions = (
				en,
				Base,
			);
			mainGroup = C197B1E224AD08E9005D14F5;
			productRefGroup = C197B1EC24AD08E9005D14F5 /* Products */;
			projectDirPath = "";
			projectRoot = "";
			targets = (
				C197B1EA24AD08E9005D14F5 /* userinterface */,
			);
		};
/* End PBXProject section */

/* Begin PBXResourcesBuildPhase section */
		C197B1E924AD08E9005D14F5 /* Resources */ = {
			isa = PBXResourcesBuildPhase;
			buildActionMask = 2147483647;
			files = (
				C197B1FB24AD08ED005D14F5 /* LaunchScreen.storyboard in Resources */,
				C197B1F824AD08ED005D14F5 /* Assets.xcassets in Resources */,
				C197B1F624AD08E9005D14F5 /* Main.storyboard in Resources */,
			);
			runOnlyForDeploymentPostprocessing = 0;
		};
/* End PBXResourcesBuildPhase section */

/* Begin PBXSourcesBuildPhase section */
		C197B1E724AD08E9005D14F5 /* Sources */ = {
			isa = PBXSourcesBuildPhase;
			buildActionMask = 2147483647;
			files = (
				C1E8A1C724C0DBDA00651234 /* FriendsCollectionCellView.swift in Sources */,
				C197B1F324AD08E9005D14F5 /* LoginController.swift in Sources */,
				C1E8186924B21A68008DFB08 /* GroupTableViewController.swift in Sources */,
				C1E8186D24B21B63008DFB08 /* GroupSearchTableViewController.swift in Sources */,
				C1E8A1C524C0D5C300651234 /* Group.swift in Sources */,
				C1856FE524BBA30E00FEB27E /* FriendsTableCellView.swift in Sources */,
				C1E8A1CF24C6272600651234 /* PageLike.swift in Sources */,
				C1E8186724B21931008DFB08 /* FiendsViewController.swift in Sources */,
				C1E8186B24B21AFB008DFB08 /* FriendsCollectionViewController.swift in Sources */,
				C1856FE824BBA45900FEB27E /* GroupTableCellView.swift in Sources */,
				C1E8A1CD24C6186D00651234 /* AvatarView.swift in Sources */,
				C197B1EF24AD08E9005D14F5 /* AppDelegate.swift in Sources */,
				C197B1F124AD08E9005D14F5 /* SceneDelegate.swift in Sources */,
				C1856FEA24BBA4B900FEB27E /* GroupSearchTableCellView.swift in Sources */,
				C133166B24CDFF3D0095B2E0 /* NewsTableViewCell.swift in Sources */,
				C1E8A1C324C0D5A900651234 /* User.swift in Sources */,
				C133166924CDFDFB0095B2E0 /* NewsViewController.swift in Sources */,
			);
			runOnlyForDeploymentPostprocessing = 0;
		};
/* End PBXSourcesBuildPhase section */

/* Begin PBXVariantGroup section */
		C197B1F424AD08E9005D14F5 /* Main.storyboard */ = {
			isa = PBXVariantGroup;
			children = (
				C197B1F524AD08E9005D14F5 /* Base */,
			);
			name = Main.storyboard;
			sourceTree = "<group>";
		};
		C197B1F924AD08ED005D14F5 /* LaunchScreen.storyboard */ = {
			isa = PBXVariantGroup;
			children = (
				C197B1FA24AD08ED005D14F5 /* Base */,
			);
			name = LaunchScreen.storyboard;
			sourceTree = "<group>";
		};
/* End PBXVariantGroup section */

/* Begin XCBuildConfiguration section */
		C197B1FD24AD08ED005D14F5 /* Debug */ = {
			isa = XCBuildConfiguration;
			buildSettings = {
				ALWAYS_SEARCH_USER_PATHS = NO;
				CLANG_ANALYZER_NONNULL = YES;
				CLANG_ANALYZER_NUMBER_OBJECT_CONVERSION = YES_AGGRESSIVE;
				CLANG_CXX_LANGUAGE_STANDARD = "gnu++14";
				CLANG_CXX_LIBRARY = "libc++";
				CLANG_ENABLE_MODULES = YES;
				CLANG_ENABLE_OBJC_ARC = YES;
				CLANG_ENABLE_OBJC_WEAK = YES;
				CLANG_WARN_BLOCK_CAPTURE_AUTORELEASING = YES;
				CLANG_WARN_BOOL_CONVERSION = YES;
				CLANG_WARN_COMMA = YES;
				CLANG_WARN_CONSTANT_CONVERSION = YES;
				CLANG_WARN_DEPRECATED_OBJC_IMPLEMENTATIONS = YES;
				CLANG_WARN_DIRECT_OBJC_ISA_USAGE = YES_ERROR;
				CLANG_WARN_DOCUMENTATION_COMMENTS = YES;
				CLANG_WARN_EMPTY_BODY = YES;
				CLANG_WARN_ENUM_CONVERSION = YES;
				CLANG_WARN_INFINITE_RECURSION = YES;
				CLANG_WARN_INT_CONVERSION = YES;
				CLANG_WARN_NON_LITERAL_NULL_CONVERSION = YES;
				CLANG_WARN_OBJC_IMPLICIT_RETAIN_SELF = YES;
				CLANG_WARN_OBJC_LITERAL_CONVERSION = YES;
				CLANG_WARN_OBJC_ROOT_CLASS = YES_ERROR;
				CLANG_WARN_RANGE_LOOP_ANALYSIS = YES;
				CLANG_WARN_STRICT_PROTOTYPES = YES;
				CLANG_WARN_SUSPICIOUS_MOVE = YES;
				CLANG_WARN_UNGUARDED_AVAILABILITY = YES_AGGRESSIVE;
				CLANG_WARN_UNREACHABLE_CODE = YES;
				CLANG_WARN__DUPLICATE_METHOD_MATCH = YES;
				COPY_PHASE_STRIP = NO;
				DEBUG_INFORMATION_FORMAT = dwarf;
				ENABLE_STRICT_OBJC_MSGSEND = YES;
				ENABLE_TESTABILITY = YES;
				GCC_C_LANGUAGE_STANDARD = gnu11;
				GCC_DYNAMIC_NO_PIC = NO;
				GCC_NO_COMMON_BLOCKS = YES;
				GCC_OPTIMIZATION_LEVEL = 0;
				GCC_PREPROCESSOR_DEFINITIONS = (
					"DEBUG=1",
					"$(inherited)",
				);
				GCC_WARN_64_TO_32_BIT_CONVERSION = YES;
				GCC_WARN_ABOUT_RETURN_TYPE = YES_ERROR;
				GCC_WARN_UNDECLARED_SELECTOR = YES;
				GCC_WARN_UNINITIALIZED_AUTOS = YES_AGGRESSIVE;
				GCC_WARN_UNUSED_FUNCTION = YES;
				GCC_WARN_UNUSED_VARIABLE = YES;
				IPHONEOS_DEPLOYMENT_TARGET = 13.5;
				MTL_ENABLE_DEBUG_INFO = INCLUDE_SOURCE;
				MTL_FAST_MATH = YES;
				ONLY_ACTIVE_ARCH = YES;
				SDKROOT = iphoneos;
				SWIFT_ACTIVE_COMPILATION_CONDITIONS = DEBUG;
				SWIFT_OPTIMIZATION_LEVEL = "-Onone";
			};
			name = Debug;
		};
		C197B1FE24AD08ED005D14F5 /* Release */ = {
			isa = XCBuildConfiguration;
			buildSettings = {
				ALWAYS_SEARCH_USER_PATHS = NO;
				CLANG_ANALYZER_NONNULL = YES;
				CLANG_ANALYZER_NUMBER_OBJECT_CONVERSION = YES_AGGRESSIVE;
				CLANG_CXX_LANGUAGE_STANDARD = "gnu++14";
				CLANG_CXX_LIBRARY = "libc++";
				CLANG_ENABLE_MODULES = YES;
				CLANG_ENABLE_OBJC_ARC = YES;
				CLANG_ENABLE_OBJC_WEAK = YES;
				CLANG_WARN_BLOCK_CAPTURE_AUTORELEASING = YES;
				CLANG_WARN_BOOL_CONVERSION = YES;
				CLANG_WARN_COMMA = YES;
				CLANG_WARN_CONSTANT_CONVERSION = YES;
				CLANG_WARN_DEPRECATED_OBJC_IMPLEMENTATIONS = YES;
				CLANG_WARN_DIRECT_OBJC_ISA_USAGE = YES_ERROR;
				CLANG_WARN_DOCUMENTATION_COMMENTS = YES;
				CLANG_WARN_EMPTY_BODY = YES;
				CLANG_WARN_ENUM_CONVERSION = YES;
				CLANG_WARN_INFINITE_RECURSION = YES;
				CLANG_WARN_INT_CONVERSION = YES;
				CLANG_WARN_NON_LITERAL_NULL_CONVERSION = YES;
				CLANG_WARN_OBJC_IMPLICIT_RETAIN_SELF = YES;
				CLANG_WARN_OBJC_LITERAL_CONVERSION = YES;
				CLANG_WARN_OBJC_ROOT_CLASS = YES_ERROR;
				CLANG_WARN_RANGE_LOOP_ANALYSIS = YES;
				CLANG_WARN_STRICT_PROTOTYPES = YES;
				CLANG_WARN_SUSPICIOUS_MOVE = YES;
				CLANG_WARN_UNGUARDED_AVAILABILITY = YES_AGGRESSIVE;
				CLANG_WARN_UNREACHABLE_CODE = YES;
				CLANG_WARN__DUPLICATE_METHOD_MATCH = YES;
				COPY_PHASE_STRIP = NO;
				DEBUG_INFORMATION_FORMAT = "dwarf-with-dsym";
				ENABLE_NS_ASSERTIONS = NO;
				ENABLE_STRICT_OBJC_MSGSEND = YES;
				GCC_C_LANGUAGE_STANDARD = gnu11;
				GCC_NO_COMMON_BLOCKS = YES;
				GCC_WARN_64_TO_32_BIT_CONVERSION = YES;
				GCC_WARN_ABOUT_RETURN_TYPE = YES_ERROR;
				GCC_WARN_UNDECLARED_SELECTOR = YES;
				GCC_WARN_UNINITIALIZED_AUTOS = YES_AGGRESSIVE;
				GCC_WARN_UNUSED_FUNCTION = YES;
				GCC_WARN_UNUSED_VARIABLE = YES;
				IPHONEOS_DEPLOYMENT_TARGET = 13.5;
				MTL_ENABLE_DEBUG_INFO = NO;
				MTL_FAST_MATH = YES;
				SDKROOT = iphoneos;
				SWIFT_COMPILATION_MODE = wholemodule;
				SWIFT_OPTIMIZATION_LEVEL = "-O";
				VALIDATE_PRODUCT = YES;
			};
			name = Release;
		};
		C197B20024AD08ED005D14F5 /* Debug */ = {
			isa = XCBuildConfiguration;
			buildSettings = {
				ASSETCATALOG_COMPILER_APPICON_NAME = AppIcon;
				CODE_SIGN_STYLE = Automatic;
				DEVELOPMENT_TEAM = TP3K89339U;
				INFOPLIST_FILE = userinterface/Info.plist;
				LD_RUNPATH_SEARCH_PATHS = (
					"$(inherited)",
					"@executable_path/Frameworks",
				);
				PRODUCT_BUNDLE_IDENTIFIER = testOrganization.userinterface;
				PRODUCT_NAME = "$(TARGET_NAME)";
				SWIFT_VERSION = 5.0;
				TARGETED_DEVICE_FAMILY = "1,2";
			};
			name = Debug;
		};
		C197B20124AD08ED005D14F5 /* Release */ = {
			isa = XCBuildConfiguration;
			buildSettings = {
				ASSETCATALOG_COMPILER_APPICON_NAME = AppIcon;
				CODE_SIGN_STYLE = Automatic;
				DEVELOPMENT_TEAM = TP3K89339U;
				INFOPLIST_FILE = userinterface/Info.plist;
				LD_RUNPATH_SEARCH_PATHS = (
					"$(inherited)",
					"@executable_path/Frameworks",
				);
				PRODUCT_BUNDLE_IDENTIFIER = testOrganization.userinterface;
				PRODUCT_NAME = "$(TARGET_NAME)";
				SWIFT_VERSION = 5.0;
				TARGETED_DEVICE_FAMILY = "1,2";
			};
			name = Release;
		};
/* End XCBuildConfiguration section */

/* Begin XCConfigurationList section */
		C197B1E624AD08E9005D14F5 /* Build configuration list for PBXProject "userinterface" */ = {
			isa = XCConfigurationList;
			buildConfigurations = (
				C197B1FD24AD08ED005D14F5 /* Debug */,
				C197B1FE24AD08ED005D14F5 /* Release */,
			);
			defaultConfigurationIsVisible = 0;
			defaultConfigurationName = Release;
		};
		C197B1FF24AD08ED005D14F5 /* Build configuration list for PBXNativeTarget "userinterface" */ = {
			isa = XCConfigurationList;
			buildConfigurations = (
				C197B20024AD08ED005D14F5 /* Debug */,
				C197B20124AD08ED005D14F5 /* Release */,
			);
			defaultConfigurationIsVisible = 0;
			defaultConfigurationName = Release;
		};
/* End XCConfigurationList section */
	};
	rootObject = C197B1E324AD08E9005D14F5 /* Project object */;
}
